
Microsoft Visual Studio Solution File, Format Version 12.00
# Visual Studio Version 16
VisualStudioVersion = 16.0.30804.86
MinimumVisualStudioVersion = 10.0.40219.1
Project("{FAE04EC0-301F-11D3-BF4B-00C04F79EFBC}") = "TesteRCB", "TesteRCB\TesteRCB.csproj", "{22E520B7-968E-4216-A5CE-A11883BD4A82}"
EndProject
Global
	GlobalSection(SolutionConfigurationPlatforms) = preSolution
		Debug|Any CPU = Debug|Any CPU
		Release|Any CPU = Release|Any CPU
	EndGlobalSection
	GlobalSection(ProjectConfigurationPlatforms) = postSolution
		{22E520B7-968E-4216-A5CE-A11883BD4A82}.Debug|Any CPU.ActiveCfg = Debug|Any CPU
		{22E520B7-968E-4216-A5CE-A11883BD4A82}.Debug|Any CPU.Build.0 = Debug|Any CPU
		{22E520B7-968E-4216-A5CE-A11883BD4A82}.Release|Any CPU.ActiveCfg = Release|Any CPU
		{22E520B7-968E-4216-A5CE-A11883BD4A82}.Release|Any CPU.Build.0 = Release|Any CPU
	EndGlobalSection
	GlobalSection(SolutionProperties) = preSolution
		HideSolutionNode = FALSE
	EndGlobalSection
	GlobalSection(ExtensibilityGlobals) = postSolution
		SolutionGuid = {EBF8DEBA-23FC-4F5C-A76B-9B094DEBC548}
	EndGlobalSection
EndGlobal
